PODS:
  - Capacitor (6.1.1):
    - CapacitorCordova
  - CapacitorApp (6.0.0):
    - Capacitor
  - CapacitorBrowser (6.0.1):
    - Capacitor
  - CapacitorCamera (6.0.1):
    - Capacitor
  - CapacitorCordova (6.1.1)
  - CapacitorFilesystem (6.0.0):
    - Capacitor
  - CapacitorIosAutofillSavePassword (3.0.0):
    - Capacitor
  - CapacitorNetwork (6.0.2):
    - Capacitor
  - CapacitorSecureStoragePlugin (0.10.0):
    - Capacitor
    - SwiftKeychainWrapper
  - CapacitorSplashScreen (6.0.1):
    - Capacitor
  - CordovaPlugins (6.1.1):
    - CapacitorCordova
  - SwiftKeychainWrapper (4.0.1)

DEPENDENCIES:
  - "Capacitor (from `../../node_modules/@capacitor/ios`)"
  - "CapacitorApp (from `../../node_modules/@capacitor/app`)"
  - "CapacitorBrowser (from `../../node_modules/@capacitor/browser`)"
  - "CapacitorCamera (from `../../node_modules/@capacitor/camera`)"
  - "CapacitorCordova (from `../../node_modules/@capacitor/ios`)"
  - "CapacitorFilesystem (from `../../node_modules/@capacitor/filesystem`)"
  - CapacitorIosAutofillSavePassword (from `../../node_modules/capacitor-ios-autofill-save-password`)
  - "CapacitorNetwork (from `../../node_modules/@capacitor/network`)"
  - CapacitorSecureStoragePlugin (from `../../node_modules/capacitor-secure-storage-plugin`)
  - "CapacitorSplashScreen (from `../../node_modules/@capacitor/splash-screen`)"
  - CordovaPlugins (from `../capacitor-cordova-ios-plugins`)

SPEC REPOS:
  trunk:
    - SwiftKeychainWrapper

EXTERNAL SOURCES:
  Capacitor:
    :path: "../../node_modules/@capacitor/ios"
  CapacitorApp:
    :path: "../../node_modules/@capacitor/app"
  CapacitorBrowser:
    :path: "../../node_modules/@capacitor/browser"
  CapacitorCamera:
    :path: "../../node_modules/@capacitor/camera"
  CapacitorCordova:
    :path: "../../node_modules/@capacitor/ios"
  CapacitorFilesystem:
    :path: "../../node_modules/@capacitor/filesystem"
  CapacitorIosAutofillSavePassword:
    :path: "../../node_modules/capacitor-ios-autofill-save-password"
  CapacitorNetwork:
    :path: "../../node_modules/@capacitor/network"
  CapacitorSecureStoragePlugin:
    :path: "../../node_modules/capacitor-secure-storage-plugin"
  CapacitorSplashScreen:
    :path: "../../node_modules/@capacitor/splash-screen"
  CordovaPlugins:
    :path: "../capacitor-cordova-ios-plugins"

SPEC CHECKSUMS:
  Capacitor: 8941aba4364ba9d1b22188569001f2ce45cc2b00
  CapacitorApp: 9d53aec7101f7b030a950c5bdc4df8612576b279
  CapacitorBrowser: 473c7fd70ddbe541608ff09ec1be14da0078279e
  CapacitorCamera: 3b77b3e8311b98220de65e63445c0e4d0b30ce3a
  CapacitorCordova: 8f2cc8d8d3619c566e9418fe8772064a94266106
  CapacitorFilesystem: 60e59ba274c234a979e7a3be2552feaadcee4263
  CapacitorIosAutofillSavePassword: 1ade3f1fefa70bf2b81fa26d7e4677b2f15e50c5
  CapacitorNetwork: 8796cf1f1104a00b289957b6150b7c60e1c2a8d3
  CapacitorSecureStoragePlugin: ced6025438fbbdbfb9fffec4398e748572fc147b
  CapacitorSplashScreen: 61645214e8f955ff2b80f16a6a3648960fe4c89f
  CordovaPlugins: b2fa38db36c7bebe6bb423d8eaf8380283ec4c07
  SwiftKeychainWrapper: 807ba1d63c33a7d0613288512399cd1eda1e470c

PODFILE CHECKSUM: 38493f9ca77db8c6fa6e3c2d7e34af737815c2e7

COCOAPODS: 1.15.2
